# This file is automatically @generated by Poetry 2.3.2 and should not be changed by hand.

[[package]]
name = "cabarchive"
version = "0.2.5"
description = "A pure-python library for creating and extracting cab files"
optional = false
python-versions = "*"
groups = ["dev"]
markers = "sys_platform == \"win32\""
files = [
    {file = "cabarchive-0.2.5-py3-none-any.whl", hash = "sha256:6d95d83145625898143d732dc0aa0443e53b4262fe9f282f3db5cdedfaf31e01"},
    {file = "cabarchive-0.2.5.tar.gz", hash = "sha256:b508b1cad890857e55f3f7a2027ca7bedb9dc05de5eff07f8289f9546200a7aa"},
]

[[package]]
name = "cx-freeze"
version = "8.6.3"
description = "Create standalone executables from Python scripts"
optional = false
python-versions = ">=3.10"
groups = ["dev"]
files = [
    {file = "cx_freeze-8.6.3-py3-none-any.whl", hash = "sha256:b37fe200551d95ef85bad0410651605f2c34be39454fee1303e5f4b7d60d6ce4"},
    {file = "cx_freeze-8.6.3.tar.gz", hash = "sha256:d3bcdd0891f78d96f65d4879f362f163ad292bad76a42a1bddf58bcc9dcdb67b"},
]

[package.dependencies]
dmgbuild = {version = ">=1.6.1", markers = "sys_platform == \"darwin\""}
filelock = {version = ">=3.20.3", markers = "sys_platform == \"linux\""}
freeze-core = ">=0.6.1"
lief = {version = ">=0.15.1,<0.18", markers = "sys_platform == \"win32\""}
packaging = ">=25.0"
patchelf = {version = ">=0.16.1,<0.18", markers = "sys_platform == \"linux\" and (platform_machine == \"x86_64\" or platform_machine == \"i686\" or platform_machine == \"aarch64\" or platform_machine == \"armv7l\" or platform_machine == \"ppc64le\" or platform_machine == \"s390x\")"}
python-msilib = {version = ">=0.4.1", markers = "sys_platform == \"win32\" and python_version >= \"3.13\""}
setuptools = ">=78.1.1,<83.0"

[[package]]
name = "dmgbuild"
version = "1.6.7"
description = "macOS command line utility to build disk images"
optional = false
python-versions = ">=3.10"
groups = ["dev"]
markers = "sys_platform == \"darwin\""
files = [
    {file = "dmgbuild-1.6.7-py3-none-any.whl", hash = "sha256:37ee5771c377beb3203d9164aae8046ffed8531c06edf9227f5788b3c599b1bf"},
    {file = "dmgbuild-1.6.7.tar.gz", hash = "sha256:676b17acd448899f6d4a83b2184e0657480444ecb6ac9c4922889efad9e5dbfb"},
]

[package.dependencies]
ds_store = ">=1.1.0"
mac_alias = ">=2.0.1"

[package.extras]
badge-icons = ["pyobjc-framework-Quartz (>=3.0.4)"]

[[package]]
name = "ds-store"
version = "1.3.2"
description = "Manipulate Finder .DS_Store files from Python"
optional = false
python-versions = ">=3.10"
groups = ["dev"]
markers = "sys_platform == \"darwin\""
files = [
    {file = "ds_store-1.3.2-py3-none-any.whl", hash = "sha256:3b37332d9f8c18ff04c385d2933b66a1d84950071364f94bfc5f5a3ab1fb361e"},
    {file = "ds_store-1.3.2.tar.gz", hash = "sha256:e4da49df901123481a85b9250945f2aac054a0f0c29352cd2cc858c536cdd364"},
]

[package.dependencies]
mac_alias = ">=2.2.2"

[[package]]
name = "filelock"
version = "3.25.2"
description = "A platform independent file lock."
optional = false
python-versions = ">=3.10"
groups = ["dev"]
files = [
    {file = "filelock-3.25.2-py3-none-any.whl", hash = "sha256:ca8afb0da15f229774c9ad1b455ed96e85a81373065fb10446672f64444ddf70"},
    {file = "filelock-3.25.2.tar.gz", hash = "sha256:b64ece2b38f4ca29dd3e810287aa8c48182bbecd1ae6e9ae126c9b35f1382694"},
]

[[package]]
name = "freeze-core"
version = "0.6.1"
description = "Core dependency for cx_Freeze"
optional = false
python-versions = ">=3.10"
groups = ["dev"]
files = [
    {file = "freeze_core-0.6.1-cp310-cp310-macosx_10_9_universal2.whl", hash = "sha256:52f31c454c3a9a063ab1ea49fa2ceca22b2046a3cae838b0753cd99589edb484"},
    {file = "freeze_core-0.6.1-cp310-cp310-manylinux2014_x86_64.manylinux_2_17_x86_64.whl", hash = "sha256:cf262d8907385ae6cafeca054b9c05cdb360e1646a0fb67248bf614296cd3c07"},
    {file = "freeze_core-0.6.1-cp310-cp310-win32.whl", hash = "sha256:2e80cc5c2cfd52baeff9ce2d3cdee549cae594d242d5c88ffe6bc99986e50f11"},
    {file = "freeze_core-0.6.1-cp310-cp310-win_amd64.whl", hash = "sha256:74a93871bc08104ab6c382cc70bc96ac15a16e62ddf13f28721616e87857c948"},
    {file = "freeze_core-0.6.1-cp311-cp311-macosx_10_9_universal2.whl", hash = "sha256:5512d1430e445d5511900c07cca35d2ccb1ab109b9a0e7117a163cc5d10bc8fb"},
    {file = "freeze_core-0.6.1-cp311-cp311-manylinux2014_aarch64.manylinux_2_17_aarch64.whl", hash = "sha256:38a125a88437585c2c119beb9f4dacb2f4d43bcd636dc126bf198a1a5271224d"},
    {file = "freeze_core-0.6.1-cp311-cp311-manylinux2014_ppc64le.manylinux_2_17_ppc64le.whl", hash = "sha256:75ae95e29440970115c6467fddd56ff0349ef7c0d633c22118c14fc6a7a09824"},
    {file = "freeze_core-0.6.1-cp311-cp311-manylinux2014_x86_64.manylinux_2_17_x86_64.whl", hash = "sha256:6c699bd210e438d176793d78a13f8eebceb7a5c046cf319ec67d37f3ade8ee19"},
    {file = "freeze_core-0.6.1-cp311-cp311-musllinux_1_2_aarch64.whl", hash = "sha256:1e5a83273ea3f1ba5675bbc90e8ef6fb9c84b4c704ecb99fc00aa72ac609051f"},
    {file = "freeze_core-0.6.1-cp311-cp311-musllinux_1_2_x86_64.whl", hash = "sha256:cd74353a0c1cdcf3497072b3f06884ac9c9a3966f20f43a3be665e53c5abdbe1"},
    {file = "freeze_core-0.6.1-cp311-cp311-win32.whl", hash = "sha256:ffdbff036c06612e7bcc47d9f83d34717099611986e07637c39f01ab1c28ca18"},
    {file = "freeze_core-0.6.1-cp311-cp311-win_amd64.whl", hash = "sha256:3848872c2113ed2c636dfd0da2c917d58d150dfc44d56d43ec3f10b8f9da2fb9"},
    {file = "freeze_core-0.6.1-cp311-cp311-win_arm64.whl", hash = "sha256:0c683acd149c9f22d0574880f64b225e07b430612fd98dbad7e1d3f2261ab30d"},
    {file = "freeze_core-0.6.1-cp312-cp312-macosx_10_13_universal2.whl", hash = "sha256:3dd8adf9d6acb4c44785f3f3e317f3ba8a494bda7c14e24da096602bb687dc29"},
    {file = "freeze_core-0.6.1-cp312-cp312-manylinux2014_aarch64.manylinux_2_17_aarch64.whl", hash = "sha256:12f838b25d21eac6f1cc254e9325daa3949da0bb06ad28aa9a4ea26b88b8eaa9"},
    {file = "freeze_core-0.6.1-cp312-cp312-manylinux2014_ppc64le.manylinux_2_17_ppc64le.whl", hash = "sha256:71b249ce8bd393a75a47e87c2705e45dd5ff6ab12af1a663f78e1c29d48a96c6"},
    {file = "freeze_core-0.6.1-cp312-cp312-manylinux2014_x86_64.manylinux_2_17_x86_64.whl", hash = "sha256:26caca8bab204d9b1f9dff35560e1bd403ddaedb0b6f4215eacc0550ed7fb59d"},
    {file = "freeze_core-0.6.1-cp312-cp312-musllinux_1_2_aarch64.whl", hash = "sha256:665b7dabd8be0566122bd311b0a6c90813eb6c21b8c1e8006c092186aff858ec"},
    {file = "freeze_core-0.6.1-cp312-cp312-musllinux_1_2_x86_64.whl", hash = "sha256:be128cb726c62c806a77c32855a9706c24b4fbfc018b6f0a0b0268fabdd4cfca"},
    {file = "freeze_core-0.6.1-cp312-cp312-win32.whl", hash = "sha256:58b237d75fc88051c99e7a6201068a118b20df4f72a1375cdb7aa3ca728c2d00"},
    {file = "freeze_core-0.6.1-cp312-cp312-win_amd64.whl", hash = "sha256:1c95b6d5e7b490582d81fad84bc54e6144dc581ff9f36e10f2c221373ac9e1ca"},
    {file = "freeze_core-0.6.1-cp312-cp312-win_arm64.whl", hash = "sha256:4379f1145d329a2232435cef7f8ea3342aa5e24dfe2db003a3df18751ab02627"},
    {file = "freeze_core-0.6.1-cp313-cp313-macosx_10_13_universal2.whl", hash = "sha256:fa2a186ca05672160e20f4a566090b35c47fd8d542922011f16a341c240ed5e4"},
    {file = "freeze_core-0.6.1-cp313-cp313-manylinux2014_aarch64.manylinux_2_17_aarch64.whl", hash = "sha256:e612bab462ae284cf277f210f5635951309ec360c1aa3f71010512005511d099"},
    {file = "freeze_core-0.6.1-cp313-cp313-manylinux2014_ppc64le.manylinux_2_17_ppc64le.whl", hash = "sha256:4baa5ea7ba5e802de724ac9cf2a42a4888e8f5510ecca944a9005cf223ec6d63"},
    {file = "freeze_core-0.6.1-cp313-cp313-manylinux2014_x86_64.manylinux_2_17_x86_64.whl", hash = "sha256:f5d27a6e6adeb544880e60c13432ae346abd5be8fd843b663e867e168826c524"},
    {file = "freeze_core-0.6.1-cp313-cp313-musllinux_1_2_aarch64.whl", hash = "sha256:b544c6ea15b65364a87c22566c06e9f11ac2ee861f3d4d7ff7fc9679287e7954"},
    {file = "freeze_core-0.6.1-cp313-cp313-musllinux_1_2_x86_64.whl", hash = "sha256:ac1ca1897e08aab3e377d513f87724ccf1649f0c71c3aad4ff3ee640577b34d4"},
    {file = "freeze_core-0.6.1-cp313-cp313-win32.whl", hash = "sha256:06d16f47c4c218c90514d915f3dda161ed6dcd7dcb9ad147db51e7b057eb27ee"},
    {file = "freeze_core-0.6.1-cp313-cp313-win_amd64.whl", hash = "sha256:b3e1e4940c459a72ab6b3151ac9ad4a692550980ef1deb11b760e49e65e6cd9b"},
    {file = "freeze_core-0.6.1-cp313-cp313-win_arm64.whl", hash = "sha256:54d8a89df1bd34dc10f7f5d95d9d4c326652a7a83ebfc06d2bfe0415580c6fec"},
    {file = "freeze_core-0.6.1-cp313-cp313t-macosx_10_13_universal2.whl", hash = "sha256:134f3811dd21ea86cff52ad94f4c241405aa51e74fac9fba4a15d6ea9c886ed8"},
    {file = "freeze_core-0.6.1-cp313-cp313t-manylinux2014_aarch64.manylinux_2_17_aarch64.whl", hash = "sha256:fb37cadba23e8e6c16622aa6ddf630dbf27e06739fb7c8cc2532f50c3a48563a"},
    {file = "freeze_core-0.6.1-cp313-cp313t-manylinux2014_ppc64le.manylinux_2_17_ppc64le.whl", hash = "sha256:d6a44251d55f9fc1d4b20486e3a73c1d8bd13cd7998eca5c87622e22a3f0f258"},
    {file = "freeze_core-0.6.1-cp313-cp313t-manylinux2014_x86_64.manylinux_2_17_x86_64.whl", hash = "sha256:ccd31f02d3f5b4492bb647859939a906f0c1b3615101a935beae75c81a3eafe6"},
    {file = "freeze_core-0.6.1-cp313-cp313t-musllinux_1_2_aarch64.whl", hash = "sha256:ddcf1f706f887fb39d181a2a2709a3b6c75ba3f86d8fcdfa49b81f9ed159ecc0"},
    {file = "freeze_core-0.6.1-cp313-cp313t-musllinux_1_2_x86_64.whl", hash = "sha256:079c4ffc500212382d3a131fd2e691e8103b2cdaca40f6fcff475e35cef86cd8"},
    {file = "freeze_core-0.6.1-cp313-cp313t-win32.whl", hash = "sha256:19b1f39e3b27aae437f08ad2429f1ef276f4839576e1c6cc242456c426c1239a"},
    {file = "freeze_core-0.6.1-cp313-cp313t-win_amd64.whl", hash = "sha256:ca65c4d3c5191da679653f35151671d84418713343c3b20563b658533e625f33"},
    {file = "freeze_core-0.6.1-cp313-cp313t-win_arm64.whl", hash = "sha256:d2d51ecb6e4e646ba5fae75bd36b036f6bf9b483cb702b38922b4598f2ba9fa6"},
    {file = "freeze_core-0.6.1-cp314-cp314-macosx_10_15_universal2.whl", hash = "sha256:bcc743c9d1050f676eed05c821b02030f8e50bf35d38619a40627a5ce8a64f4e"},
    {file = "freeze_core-0.6.1-cp314-cp314-manylinux2014_aarch64.manylinux_2_17_aarch64.whl", hash = "sha256:074d26fb9c3d4da2a5dc93a70d3353456316b4dea2055bad98bf4e45e79899e9"},
    {file = "freeze_core-0.6.1-cp314-cp314-manylinux2014_ppc64le.manylinux_2_17_ppc64le.whl", hash = "sha256:7e72b5232308369cf20ee8f4519daab7458ca00a93b310922f867effc57762fa"},
    {file = "freeze_core-0.6.1-cp314-cp314-manylinux2014_x86_64.manylinux_2_17_x86_64.whl", hash = "sha256:2055268857aabcb9f0e7e951f1dffc236830348fd7307a0dd0f92122c91ff8b9"},
    {file = "freeze_core-0.6.1-cp314-cp314-musllinux_1_2_aarch64.whl", hash = "sha256:c050f70064085acf1a7c29e51ae15b42bf6741c1d71656c1ea49fca0fdded0e7"},
    {file = "freeze_core-0.6.1-cp314-cp314-musllinux_1_2_x86_64.whl", hash = "sha256:7586d30f1abd2b5aebf6e88ca6262f360dbbd249908e6bfc33534d1ac8438627"},
    {file = "freeze_core-0.6.1-cp314-cp314-win32.whl", hash = "sha256:a823721f8b07de0700feef2342ad45f685c044193e480c81d483ab6f8b911d89"},
    {file = "freeze_core-0.6.1-cp314-cp314-win_amd64.whl", hash = "sha256:5bfb220a525fa130864b3eb6ebc9f44002d6fec74df82d9366f9dafc89513c20"},
    {file = "freeze_core-0.6.1-cp314-cp314-win_arm64.whl", hash = "sha256:ae7162d863b73ff62f06e12185f62d57a0296da800523932ac62886950a72f85"},
    {file = "freeze_core-0.6.1-cp314-cp314t-macosx_10_15_universal2.whl", hash = "sha256:4e34682706745f6eb347f6df9e59fc31d5c68666bb6f4257631872f4ffbd4bb1"},
    {file = "freeze_core-0.6.1-cp314-cp314t-manylinux2014_aarch64.manylinux_2_17_aarch64.whl", hash = "sha256:21fd14fe82eaab8f7c2514fca3439f49c72061978615c364997912cf38572a18"},
    {file = "freeze_core-0.6.1-cp314-cp314t-manylinux2014_ppc64le.manylinux_2_17_ppc64le.whl", hash = "sha256:3e6c2980d0f2ae385e4fe9114e79723d64f85c53c4e49ff57231b1050bcf2c7c"},
    {file = "freeze_core-0.6.1-cp314-cp314t-manylinux2014_x86_64.manylinux_2_17_x86_64.whl", hash = "sha256:913a1e4668cf56182aaa834783c29c9c13c717ee93c6039f2b840b6ce0f265d8"},
    {file = "freeze_core-0.6.1-cp314-cp314t-musllinux_1_2_aarch64.whl", hash = "sha256:1f7ae8d098fd961d7f3590cfcfb0f27a7e5cae1176e486238a73d91494ed7501"},
    {file = "freeze_core-0.6.1-cp314-cp314t-musllinux_1_2_x86_64.whl", hash = "sha256:630fcd320c03a2f30d6b642eea3930915d770974bc4584cef1794ee3e5f1809f"},
    {file = "freeze_core-0.6.1-cp314-cp314t-win32.whl", hash = "sha256:0b371c9d58393d22617f31696851dccdde7eef80cfffb99195168e27e6900701"},
    {file = "freeze_core-0.6.1-cp314-cp314t-win_amd64.whl", hash = "sha256:3431b2b4ccf729b13ed87d165a313ac990241f4e98fc807f25c1e753edac0d6b"},
    {file = "freeze_core-0.6.1-cp314-cp314t-win_arm64.whl", hash = "sha256:46f177017e9f9c75b0710a63597fe259f41f57221bbee3f00b66784642a52807"},
    {file = "freeze_core-0.6.1.tar.gz", hash = "sha256:819642aa58b4e2c19e1ade025d9563e437c07c90fe6ac5c891e8ecee2044a2ef"},
]

[package.dependencies]
cabarchive = {version = ">=0.2.4", markers = "sys_platform == \"win32\""}
filelock = ">=3.20.3"
striprtf = {version = ">=0.0.26", markers = "sys_platform == \"win32\""}

[[package]]
name = "lief"
version = "0.17.6"
description = "Library to instrument executable formats"
optional = false
python-versions = ">=3.8"
groups = ["dev"]
markers = "sys_platform == \"win32\""
files = [
    {file = "lief-0.17.6-cp310-cp310-macosx_11_0_arm64.whl", hash = "sha256:27cabac8f34885294b63e814952686453b59bce35ffb0c7d12e722adef389cd2"},
    {file = "lief-0.17.6-cp310-cp310-macosx_11_0_x86_64.whl", hash = "sha256:c9cfcd463bbbe7cabb2fed9d22211ba1337775cf07f4d754da24c3c3f5c426d5"},
    {file = "lief-0.17.6-cp310-cp310-manylinux2014_aarch64.whl", hash = "sha256:12db9cce6644b11b1cfa5c228574ae52d37121d1a8380266b2b3eb0721aa5b98"},
    {file = "lief-0.17.6-cp310-cp310-manylinux_2_28_i686.whl", hash = "sha256:f24fa49f0fe3f7d350aa87610fc5765890b18272c2aafaf720a10b2be0675154"},
    {file = "lief-0.17.6-cp310-cp310-manylinux_2_28_x86_64.whl", hash = "sha256:3a0678eafed01245d98187815714bdd602f285b8c9a05a4982ff9ddf82360717"},
    {file = "lief-0.17.6-cp310-cp310-musllinux_1_2_aarch64.whl", hash = "sha256:acd673591c870bdedfd5e583c423fb67bbd99e00eb1852061f0dec6a918d4634"},
    {file = "lief-0.17.6-cp310-cp310-musllinux_1_2_i686.whl", hash = "sha256:a6935a08a7b3285d0cf053d852fd739475fea15572b5559160a88d284987e995"},
    {file = "lief-0.17.6-cp310-cp310-musllinux_1_2_x86_64.whl", hash = "sha256:dbe04dda79f5d17c5b2d1b381997d93aa039f59c7c52b9fe48d398dda9cce8ea"},
    {file = "lief-0.17.6-cp310-cp310-win32.whl", hash = "sha256:17371938a85fcf64febb9eca77beb6537daa418fd3f86511e5ae402dc8bc2866"},
    {file = "lief-0.17.6-cp310-cp310-win_amd64.whl", hash = "sha256:45fd98016f5743f81f635628c2efc25becda80caa22cfc03bd002f359bcb7f71"},
    {file = "lief-0.17.6-cp311-cp311-macosx_11_0_arm64.whl", hash = "sha256:68cc28da07bd50a530590a56142c809a68035f29ace0b107046b0e0784650f50"},
    {file = "lief-0.17.6-cp311-cp311-macosx_11_0_x86_64.whl", hash = "sha256:ba6fb4f5926f3631e0de13218bedce0cc6b229c7eb84fae095f0985385c8beb1"},
    {file = "lief-0.17.6-cp311-cp311-manylinux2014_aarch64.whl", hash = "sha256:6dce8652883b5b7fe06b5416807a8bc3cc4c1ab3e498512d242c38925e8a7d77"},
    {file = "lief-0.17.6-cp311-cp311-manylinux_2_28_i686.whl", hash = "sha256:3ae021be2d65ea6f522884356c152ddf25d16674bab00240b04abe83c1cd5cb8"},
    {file = "lief-0.17.6-cp311-cp311-manylinux_2_28_x86_64.whl", hash = "sha256:94463d54bc5ecce9e3ae3855a084bacd5b473a23c1a080746bf54a0ed0339255"},
    {file = "lief-0.17.6-cp311-cp311-musllinux_1_2_aarch64.whl", hash = "sha256:f471fa92430de76b84aa9d036d7fa7cd14256a81814fd3a055d156462fb5bb56"},
    {file = "lief-0.17.6-cp311-cp311-musllinux_1_2_i686.whl", hash = "sha256:4e03969294b3be2728162fd3ce15f9f6d1571ba05f62abbb6aa9512c656e22c3"},
    {file = "lief-0.17.6-cp311-cp311-musllinux_1_2_x86_64.whl", hash = "sha256:7b690c719abf67632701ff69e14a22610eef79100b51abc5e7fbdc70a3d19504"},
    {file = "lief-0.17.6-cp311-cp311-win32.whl", hash = "sha256:fb8ea20af86b25b852d7fa4ba96cdaab2184b1a1529469786b2474dc2e1be446"},
    {file = "lief-0.17.6-cp311-cp311-win_amd64.whl", hash = "sha256:347495918478606fc47d90a503791c308812f0a3ef5200b2c1e577e0bebd7c7e"},
    {file = "lief-0.17.6-cp311-cp311-win_arm64.whl", hash = "sha256:1b8339f385b64bf9da42ac8f5d5fc4c9f4235c4d9d804e472ffe8f1fddc830cb"},
    {file = "lief-0.17.6-cp312-cp312-macosx_11_0_arm64.whl", hash = "sha256:c5a19642e42578fe0b701bd86b10dd7e86d69c35c67d25ac1433f72410a7c2bb"},
    {file = "lief-0.17.6-cp312-cp312-macosx_11_0_x86_64.whl", hash = "sha256:e1ded9ee9b5184b5753e4823343e3550a623d34f5407cb2f8d7918e17856d860"},
    {file = "lief-0.17.6-cp312-cp312-manylinux2014_aarch64.whl", hash = "sha256:e29552f52749249c9b05041d96d9156de20207d745916d599b4eb49ee7a8e1bf"},
    {file = "lief-0.17.6-cp312-cp312-manylinux_2_28_i686.whl", hash = "sha256:e186ac1ea8a5f4729c4b8d2b7f2fe6c55dbf1eddd8bc15fa4d19ed08dfa6cc54"},
    {file = "lief-0.17.6-cp312-cp312-manylinux_2_28_x86_64.whl", hash = "sha256:1df9b22f3851de7d0e86a8731ad07e47ca562ebe430605d90aecfcd6d20125d0"},
    {file = "lief-0.17.6-cp312-cp312-musllinux_1_2_aarch64.whl", hash = "sha256:6484de5a7053c1b7022cb93f41450532f93daaf6b5ce6421c682b87fd2cd2122"},
    {file = "lief-0.17.6-cp312-cp312-musllinux_1_2_i686.whl", hash = "sha256:04b07e91213ce345febb4698efd310c6745f48190a1d7ce5dd0e7b306839362d"},
    {file = "lief-0.17.6-cp312-cp312-musllinux_1_2_x86_64.whl", hash = "sha256:5df55be6cd29c654b8a205846d67637955063ad0cfd83875451f339cf623b101"},
    {file = "lief-0.17.6-cp312-cp312-win32.whl", hash = "sha256:0aca84f35ec67854ffdb38a23b1848cb214df3e3f95eb7579bac3107e9f68cc8"},
    {file = "lief-0.17.6-cp312-cp312-win_amd64.whl", hash = "sha256:5a34d651eb82e24a113f837b1a961d23e155be41d72bf39a37407854c6597a8b"},
    {file = "lief-0.17.6-cp312-cp312-win_arm64.whl", hash = "sha256:234a422fe7158e755ac0acdd0bfdfd41f75392dad9dac147dd3b9c7a9f1a6811"},
    {file = "lief-0.17.6-cp313-cp313-macosx_11_0_arm64.whl", hash = "sha256:7384abed26200f8c6cb50ca9cedac70e7452e85fe72e82d4c5e9050c78eff0ae"},
    {file = "lief-0.17.6-cp313-cp313-macosx_11_0_x86_64.whl", hash = "sha256:7b7759b443745d0e5211d87723c0a84c4a74364ef6194cc8f8d315d98d117648"},
    {file = "lief-0.17.6-cp313-cp313-manylinux2014_aarch64.whl", hash = "sha256:3e59a64012a602772270aa1a930cff9c39cddca42f0ca5d7f1959f4dd951f38e"},
    {file = "lief-0.17.6-cp313-cp313-manylinux_2_28_i686.whl", hash = "sha256:f764c77c848cf7478623e754099f50699d5e23b5bc4a34ce68cd20af7e0b5541"},
    {file = "lief-0.17.6-cp313-cp313-manylinux_2_28_x86_64.whl", hash = "sha256:520e5f8a7b1e2487630e27639751d9fb13c94205fed72d358a87994e44a73815"},
    {file = "lief-0.17.6-cp313-cp313-musllinux_1_2_aarch64.whl", hash = "sha256:dbfe15d3d21d389857dac8cedc04f03f8ef98c5503e5e147a34480ecbf351826"},
    {file = "lief-0.17.6-cp313-cp313-musllinux_1_2_i686.whl", hash = "sha256:de5716279c82640359fe59137ec0572a1ed9859051c1d901de593d6e0e99d9c8"},
    {file = "lief-0.17.6-cp313-cp313-musllinux_1_2_x86_64.whl", hash = "sha256:ef618117ec33665697e3d1fe9c15fac8d6c42e2eeaf4aca9c31ea12fdb056c67"},
    {file = "lief-0.17.6-cp313-cp313-win32.whl", hash = "sha256:2f669d5b4e63c6e66cac48e07d0f23436bf898ec9d0630016d23250e2eb43d28"},
    {file = "lief-0.17.6-cp313-cp313-win_amd64.whl", hash = "sha256:51b6c5932d4f36d61fb17fe783d9e1bfba33ec1d72b3d07486c96e6f548781ff"},
    {file = "lief-0.17.6-cp313-cp313-win_arm64.whl", hash = "sha256:6d4eb8adce400af52cc174ac5cbe40ab10b9df5824193975d12e2d4f85b298a3"},
    {file = "lief-0.17.6-cp314-cp314-macosx_11_0_arm64.whl", hash = "sha256:af39643ab79ae644d2063a2ef93de908e61a8f40e37b155683c477c1928e6c64"},
    {file = "lief-0.17.6-cp314-cp314-macosx_11_0_x86_64.whl", hash = "sha256:c8129a70bc73e04fd9db4f49f386d4336a3a78ceef07c83ca74f9cf464c03c22"},
    {file = "lief-0.17.6-cp314-cp314-manylinux2014_aarch64.whl", hash = "sha256:b5885e8a422066f3691b9707045b85d9728eaba621991def0b4e0044b0b0b063"},
    {file = "lief-0.17.6-cp314-cp314-manylinux_2_28_i686.whl", hash = "sha256:6324add89c366607a6d652553e4cac6309e952ca638c24f38a8b00331f064a50"},
    {file = "lief-0.17.6-cp314-cp314-manylinux_2_28_x86_64.whl", hash = "sha256:365bf48528339a0d9a5c993b0a54f5c3bb8fcd11ca85797c79f9ae6179777492"},
    {file = "lief-0.17.6-cp314-cp314-musllinux_1_2_aarch64.whl", hash = "sha256:3bd852c4d934d9c8357d6b9491db85e6722bc0076249f8b23a205a8912a85ed5"},
    {file = "lief-0.17.6-cp314-cp314-musllinux_1_2_i686.whl", hash = "sha256:8561a156ccea562e200e5bde0db8070785e3194fcd0ddf9109c8470970978076"},
    {file = "lief-0.17.6-cp314-cp314-musllinux_1_2_x86_64.whl", hash = "sha256:a74f792564a5e69915d08530618d79aa1fd8b5e7b72513fac765e1106c63f57a"},
    {file = "lief-0.17.6-cp314-cp314-win32.whl", hash = "sha256:503fd8df6425a6c0386df9ca6e4f4ce29d07d268f0620ee1d4059eb4d48c2562"},
    {file = "lief-0.17.6-cp314-cp314-win_amd64.whl", hash = "sha256:918ea953830ecf348e5a8d9cf0b1a178035d6d4032bf2a9aa1dc72483e06b3a1"},
    {file = "lief-0.17.6-cp314-cp314-win_arm64.whl", hash = "sha256:7dcefa6467f0f0d75413a10e7869e488344347f0c67eff5bc49ec216714f0674"},
    {file = "lief-0.17.6-cp38-cp38-macosx_11_0_arm64.whl", hash = "sha256:70671623b9b1cf55a688d0365789dd048426075ff6368c42270b224605c4b078"},
    {file = "lief-0.17.6-cp38-cp38-macosx_11_0_x86_64.whl", hash = "sha256:fc6541fdf8958e8bfadc91f8c79e6aa8e2cca74ac8bb2aaf74bf946057d7cf1d"},
    {file = "lief-0.17.6-cp38-cp38-manylinux2014_aarch64.whl", hash = "sha256:054e7a1b2dcfb2e62acbabef0be8d52d2adc6c1f9451700b988f08aadee3c024"},
    {file = "lief-0.17.6-cp38-cp38-manylinux_2_28_i686.whl", hash = "sha256:04a6f26bd92a63af6860a270761fc2773a8b6b262cc9397b176c21c2c0cb5153"},
    {file = "lief-0.17.6-cp38-cp38-manylinux_2_28_x86_64.whl", hash = "sha256:88fb786338aeb4f6812ff6d079415e44f3696b826410b9504a9f710cc962ebe5"},
    {file = "lief-0.17.6-cp38-cp38-musllinux_1_2_aarch64.whl", hash = "sha256:5ba237d5984262b383531c629432cba97552a13818624e0d2a0ce099f06be161"},
    {file = "lief-0.17.6-cp38-cp38-musllinux_1_2_i686.whl", hash = "sha256:0dec797538b9bfa2ef415532cec6ef7b739ef9d3dc5af0f848ba90d6e6045e31"},
    {file = "lief-0.17.6-cp38-cp38-musllinux_1_2_x86_64.whl", hash = "sha256:22a96028fd5fc7607b1b2213aa88ac13be89e50709b36d2a6fcd6fdb3333c3c4"},
    {file = "lief-0.17.6-cp38-cp38-win32.whl", hash = "sha256:eaa294b19ab9cc7bcb18462b964cd3f12f294cba2f256a5b4588633a5c8fb172"},
    {file = "lief-0.17.6-cp38-cp38-win_amd64.whl", hash = "sha256:2c3130841c30743f549a84606b2108e71819f5f7a6f9932baaa845841e83f1f9"},
    {file = "lief-0.17.6-cp39-cp39-macosx_11_0_arm64.whl", hash = "sha256:3e380832cc49a3f460b2b5ee672a6127db94fad0a1226cc8c66cbffa9bd09582"},
    {file = "lief-0.17.6-cp39-cp39-macosx_11_0_x86_64.whl", hash = "sha256:41fc73285cce73f668dbc902b4ae7388a02cace7fe0c03603a1e42608f84003c"},
    {file = "lief-0.17.6-cp39-cp39-manylinux2014_aarch64.whl", hash = "sha256:bd94782164176baee7f08a1e633376f26a5486edfd230c4a3fb351e49108bfd0"},
    {file = "lief-0.17.6-cp39-cp39-manylinux_2_28_i686.whl", hash = "sha256:5fce8968fd47e103aa4df35e1efd0b61bde4921952d7cf0fd668facff648f3f5"},
    {file = "lief-0.17.6-cp39-cp39-manylinux_2_28_x86_64.whl", hash = "sha256:379efbaa54655fd7b423536ceddb255c52073ce341b908be25775d99578497e1"},
    {file = "lief-0.17.6-cp39-cp39-musllinux_1_2_aarch64.whl", hash = "sha256:fccb2c1cc3e6e2e5395d73b13c0198b69afa8a80cd80ac5b121efffa00faf594"},
    {file = "lief-0.17.6-cp39-cp39-musllinux_1_2_i686.whl", hash = "sha256:8f39f68a8d8666622aa0300b4f13b30c8bf91a1f0c2f6e3eb47af8813544719b"},
    {file = "lief-0.17.6-cp39-cp39-musllinux_1_2_x86_64.whl", hash = "sha256:a2905d56f54eeb146682daf341dde14928d9f4d32ca047e995a4548a348ad3cd"},
    {file = "lief-0.17.6-cp39-cp39-win32.whl", hash = "sha256:d5a936d3cec06e808e49e216076f47f25142184b593e5e4c31d6e068d4dc8f77"},
    {file = "lief-0.17.6-cp39-cp39-win_amd64.whl", hash = "sha256:da6b97ae3d91a953a93def5dedfb61b098b204d3d4a75dcd592ad8570cb5a2ff"},
    {file = "lief-0.17.6.tar.gz", hash = "sha256:c2164243f152e82c49b0ccd606155b758644f4b1ee221f0dbd4da055469a922f"},
]

[[package]]
name = "mac-alias"
version = "2.2.3"
description = "Generate/parse macOS Alias records from Python"
optional = false
python-versions = ">=3.10"
groups = ["dev"]
markers = "sys_platform == \"darwin\""
files = [
    {file = "mac_alias-2.2.3-py3-none-any.whl", hash = "sha256:7362b521d2132ef92f606a37abfed5fcd849ceb2f28b6f9743e014b02af92f0d"},
    {file = "mac_alias-2.2.3.tar.gz", hash = "sha256:1c7fa367687d66979f2ce4d1a8b2716cf1c9fb811741cab3cf3ca356555c2beb"},
]

[[package]]
name = "numpy"
version = "2.4.2"
description = "Fundamental package for array computing in Python"
optional = false
python-versions = ">=3.11"
groups = ["main"]
files = [
    {file = "numpy-2.4.2-cp311-cp311-macosx_10_9_x86_64.whl", hash = "sha256:e7e88598032542bd49af7c4747541422884219056c268823ef6e5e89851c8825"},
    {file = "numpy-2.4.2-cp311-cp311-macosx_11_0_arm64.whl", hash = "sha256:7edc794af8b36ca37ef5fcb5e0d128c7e0595c7b96a2318d1badb6fcd8ee86b1"},
    {file = "numpy-2.4.2-cp311-cp311-macosx_14_0_arm64.whl", hash = "sha256:6e9f61981ace1360e42737e2bae58b27bf28a1b27e781721047d84bd754d32e7"},
    {file = "numpy-2.4.2-cp311-cp311-macosx_14_0_x86_64.whl", hash = "sha256:cb7bbb88aa74908950d979eeaa24dbdf1a865e3c7e45ff0121d8f70387b55f73"},
    {file = "numpy-2.4.2-cp311-cp311-manylinux_2_27_aarch64.manylinux_2_28_aarch64.whl", hash = "sha256:4f069069931240b3fc703f1e23df63443dbd6390614c8c44a87d96cd0ec81eb1"},
    {file = "numpy-2.4.2-cp311-cp311-manylinux_2_27_x86_64.manylinux_2_28_x86_64.whl", hash = "sha256:c02ef4401a506fb60b411467ad501e1429a3487abca4664871d9ae0b46c8ba32"},
    {file = "numpy-2.4.2-cp311-cp311-musllinux_1_2_aarch64.whl", hash = "sha256:2653de5c24910e49c2b106499803124dde62a5a1fe0eedeaecf4309a5f639390"},
    {file = "numpy-2.4.2-cp311-cp311-musllinux_1_2_x86_64.whl", hash = "sha256:1ae241bbfc6ae276f94a170b14785e561cb5e7f626b6688cf076af4110887413"},
    {file = "numpy-2.4.2-cp311-cp311-win32.whl", hash = "sha256:df1b10187212b198dd45fa943d8985a3c8cf854aed4923796e0e019e113a1bda"},
    {file = "numpy-2.4.2-cp311-cp311-win_amd64.whl", hash = "sha256:b9c618d56a29c9cb1c4da979e9899be7578d2e0b3c24d52079c166324c9e8695"},
    {file = "numpy-2.4.2-cp311-cp311-win_arm64.whl", hash = "sha256:47c5a6ed21d9452b10227e5e8a0e1c22979811cad7dcc19d8e3e2fb8fa03f1a3"},
    {file = "numpy-2.4.2-cp312-cp312-macosx_10_13_x86_64.whl", hash = "sha256:21982668592194c609de53ba4933a7471880ccbaadcc52352694a59ecc860b3a"},
    {file = "numpy-2.4.2-cp312-cp312-macosx_11_0_arm64.whl", hash = "sha256:40397bda92382fcec844066efb11f13e1c9a3e2a8e8f318fb72ed8b6db9f60f1"},
    {file = "numpy-2.4.2-cp312-cp312-macosx_14_0_arm64.whl", hash = "sha256:b3a24467af63c67829bfaa61eecf18d5432d4f11992688537be59ecd6ad32f5e"},
    {file = "numpy-2.4.2-cp312-cp312-macosx_14_0_x86_64.whl", hash = "sha256:805cc8de9fd6e7a22da5aed858e0ab16be5a4db6c873dde1d7451c541553aa27"},
    {file = "numpy-2.4.2-cp312-cp312-manylinux_2_27_aarch64.manylinux_2_28_aarch64.whl", hash = "sha256:6d82351358ffbcdcd7b686b90742a9b86632d6c1c051016484fa0b326a0a1548"},
    {file = "numpy-2.4.2-cp312-cp312-manylinux_2_27_x86_64.manylinux_2_28_x86_64.whl", hash = "sha256:9e35d3e0144137d9fdae62912e869136164534d64a169f86438bc9561b6ad49f"},
    {file = "numpy-2.4.2-cp312-cp312-musllinux_1_2_aarch64.whl", hash = "sha256:adb6ed2ad29b9e15321d167d152ee909ec73395901b70936f029c3bc6d7f4460"},
    {file = "numpy-2.4.2-cp312-cp312-musllinux_1_2_x86_64.whl", hash = "sha256:8906e71fd8afcb76580404e2a950caef2685df3d2a57fe82a86ac8d33cc007ba"},
    {file = "numpy-2.4.2-cp312-cp312-win32.whl", hash = "sha256:ec055f6dae239a6299cace477b479cca2fc125c5675482daf1dd886933a1076f"},
    {file = "numpy-2.4.2-cp312-cp312-win_amd64.whl", hash = "sha256:209fae046e62d0ce6435fcfe3b1a10537e858249b3d9b05829e2a05218296a85"},
    {file = "numpy-2.4.2-cp312-cp312-win_arm64.whl", hash = "sha256:fbde1b0c6e81d56f5dccd95dd4a711d9b95df1ae4009a60887e56b27e8d903fa"},
    {file = "numpy-2.4.2-cp313-cp313-macosx_10_13_x86_64.whl", hash = "sha256:25f2059807faea4b077a2b6837391b5d830864b3543627f381821c646f31a63c"},
    {file = "numpy-2.4.2-cp313-cp313-macosx_11_0_arm64.whl", hash = "sha256:bd3a7a9f5847d2fb8c2c6d1c862fa109c31a9abeca1a3c2bd5a64572955b2979"},
    {file = "numpy-2.4.2-cp313-cp313-macosx_14_0_arm64.whl", hash = "sha256:8e4549f8a3c6d13d55041925e912bfd834285ef1dd64d6bc7d542583355e2e98"},
    {file = "numpy-2.4.2-cp313-cp313-macosx_14_0_x86_64.whl", hash = "sha256:aea4f66ff44dfddf8c2cffd66ba6538c5ec67d389285292fe428cb2c738c8aef"},
    {file = "numpy-2.4.2-cp313-cp313-manylinux_2_27_aarch64.manylinux_2_28_aarch64.whl", hash = "sha256:c3cd545784805de05aafe1dde61752ea49a359ccba9760c1e5d1c88a93bbf2b7"},
    {file = "numpy-2.4.2-cp313-cp313-manylinux_2_27_x86_64.manylinux_2_28_x86_64.whl", hash = "sha256:d0d9b7c93578baafcbc5f0b83eaf17b79d345c6f36917ba0c67f45226911d499"},
    {file = "numpy-2.4.2-cp313-cp313-musllinux_1_2_aarch64.whl", hash = "sha256:f74f0f7779cc7ae07d1810aab8ac6b1464c3eafb9e283a40da7309d5e6e48fbb"},
    {file = "numpy-2.4.2-cp313-cp313-musllinux_1_2_x86_64.whl", hash = "sha256:c7ac672d699bf36275c035e16b65539931347d68b70667d28984c9fb34e07fa7"},
    {file = "numpy-2.4.2-cp313-cp313-win32.whl", hash = "sha256:8e9afaeb0beff068b4d9cd20d322ba0ee1cecfb0b08db145e4ab4dd44a6b5110"},
    {file = "numpy-2.4.2-cp313-cp313-win_amd64.whl", hash = "sha256:7df2de1e4fba69a51c06c28f5a3de36731eb9639feb8e1cf7e4a7b0daf4cf622"},
    {file = "numpy-2.4.2-cp313-cp313-win_arm64.whl", hash = "sha256:0fece1d1f0a89c16b03442eae5c56dc0be0c7883b5d388e0c03f53019a4bfd71"},
    {file = "numpy-2.4.2-cp313-cp313t-macosx_11_0_arm64.whl", hash = "sha256:5633c0da313330fd20c484c78cdd3f9b175b55e1a766c4a174230c6b70ad8262"},
    {file = "numpy-2.4.2-cp313-cp313t-macosx_14_0_arm64.whl", hash = "sha256:d9f64d786b3b1dd742c946c42d15b07497ed14af1a1f3ce840cce27daa0ce913"},
    {file = "numpy-2.4.2-cp313-cp313t-macosx_14_0_x86_64.whl", hash = "sha256:b21041e8cb6a1eb5312dd1d2f80a94d91efffb7a06b70597d44f1bd2dfc315ab"},
    {file = "numpy-2.4.2-cp313-cp313t-manylinux_2_27_aarch64.manylinux_2_28_aarch64.whl", hash = "sha256:00ab83c56211a1d7c07c25e3217ea6695e50a3e2f255053686b081dc0b091a82"},
    {file = "numpy-2.4.2-cp313-cp313t-manylinux_2_27_x86_64.manylinux_2_28_x86_64.whl", hash = "sha256:2fb882da679409066b4603579619341c6d6898fc83a8995199d5249f986e8e8f"},
    {file = "numpy-2.4.2-cp313-cp313t-musllinux_1_2_aarch64.whl", hash = "sha256:66cb9422236317f9d44b67b4d18f44efe6e9c7f8794ac0462978513359461554"},
    {file = "numpy-2.4.2-cp313-cp313t-musllinux_1_2_x86_64.whl", hash = "sha256:0f01dcf33e73d80bd8dc0f20a71303abbafa26a19e23f6b68d1aa9990af90257"},
    {file = "numpy-2.4.2-cp313-cp313t-win32.whl", hash = "sha256:52b913ec40ff7ae845687b0b34d8d93b60cb66dcee06996dd5c99f2fc9328657"},
    {file = "numpy-2.4.2-cp313-cp313t-win_amd64.whl", hash = "sha256:5eea80d908b2c1f91486eb95b3fb6fab187e569ec9752ab7d9333d2e66bf2d6b"},
    {file = "numpy-2.4.2-cp313-cp313t-win_arm64.whl", hash = "sha256:fd49860271d52127d61197bb50b64f58454e9f578cb4b2c001a6de8b1f50b0b1"},
    {file = "numpy-2.4.2-cp314-cp314-macosx_10_15_x86_64.whl", hash = "sha256:444be170853f1f9d528428eceb55f12918e4fda5d8805480f36a002f1415e09b"},
    {file = "numpy-2.4.2-cp314-cp314-macosx_11_0_arm64.whl", hash = "sha256:d1240d50adff70c2a88217698ca844723068533f3f5c5fa6ee2e3220e3bdb000"},
    {file = "numpy-2.4.2-cp314-cp314-macosx_14_0_arm64.whl", hash = "sha256:7cdde6de52fb6664b00b056341265441192d1291c130e99183ec0d4b110ff8b1"},
    {file = "numpy-2.4.2-cp314-cp314-macosx_14_0_x86_64.whl", hash = "sha256:cda077c2e5b780200b6b3e09d0b42205a3d1c68f30c6dceb90401c13bff8fe74"},
    {file = "numpy-2.4.2-cp314-cp314-manylinux_2_27_aarch64.manylinux_2_28_aarch64.whl", hash = "sha256:d30291931c915b2ab5717c2974bb95ee891a1cf22ebc16a8006bd59cd210d40a"},
    {file = "numpy-2.4.2-cp314-cp314-manylinux_2_27_x86_64.manylinux_2_28_x86_64.whl", hash = "sha256:bba37bc29d4d85761deed3954a1bc62be7cf462b9510b51d367b769a8c8df325"},
    {file = "numpy-2.4.2-cp314-cp314-musllinux_1_2_aarch64.whl", hash = "sha256:b2f0073ed0868db1dcd86e052d37279eef185b9c8db5bf61f30f46adac63c909"},
    {file = "numpy-2.4.2-cp314-cp314-musllinux_1_2_x86_64.whl", hash = "sha256:7f54844851cdb630ceb623dcec4db3240d1ac13d4990532446761baede94996a"},
    {file = "numpy-2.4.2-cp314-cp314-win32.whl", hash = "sha256:12e26134a0331d8dbd9351620f037ec470b7c75929cb8a1537f6bfe411152a1a"},
    {file = "numpy-2.4.2-cp314-cp314-win_amd64.whl", hash = "sha256:068cdb2d0d644cdb45670810894f6a0600797a69c05f1ac478e8d31670b8ee75"},
    {file = "numpy-2.4.2-cp314-cp314-win_arm64.whl", hash = "sha256:6ed0be1ee58eef41231a5c943d7d1375f093142702d5723ca2eb07db9b934b05"},
    {file = "numpy-2.4.2-cp314-cp314t-macosx_11_0_arm64.whl", hash = "sha256:98f16a80e917003a12c0580f97b5f875853ebc33e2eaa4bccfc8201ac6869308"},
    {file = "numpy-2.4.2-cp314-cp314t-macosx_14_0_arm64.whl", hash = "sha256:20abd069b9cda45874498b245c8015b18ace6de8546bf50dfa8cea1696ed06ef"},
    {file = "numpy-2.4.2-cp314-cp314t-macosx_14_0_x86_64.whl", hash = "sha256:e98c97502435b53741540a5717a6749ac2ada901056c7db951d33e11c885cc7d"},
    {file = "numpy-2.4.2-cp314-cp314t-manylinux_2_27_aarch64.manylinux_2_28_aarch64.whl", hash = "sha256:da6cad4e82cb893db4b69105c604d805e0c3ce11501a55b5e9f9083b47d2ffe8"},
    {file = "numpy-2.4.2-cp314-cp314t-manylinux_2_27_x86_64.manylinux_2_28_x86_64.whl", hash = "sha256:9e4424677ce4b47fe73c8b5556d876571f7c6945d264201180db2dc34f676ab5"},
    {file = "numpy-2.4.2-cp314-cp314t-musllinux_1_2_aarch64.whl", hash = "sha256:2b8f157c8a6f20eb657e240f8985cc135598b2b46985c5bccbde7616dc9c6b1e"},
    {file = "numpy-2.4.2-cp314-cp314t-musllinux_1_2_x86_64.whl", hash = "sha256:5daf6f3914a733336dab21a05cdec343144600e964d2fcdabaac0c0269874b2a"},
    {file = "numpy-2.4.2-cp314-cp314t-win32.whl", hash = "sha256:8c50dd1fc8826f5b26a5ee4d77ca55d88a895f4e4819c7ecc2a9f5905047a443"},
    {file = "numpy-2.4.2-cp314-cp314t-win_amd64.whl", hash = "sha256:fcf92bee92742edd401ba41135185866f7026c502617f422eb432cfeca4fe236"},
    {file = "numpy-2.4.2-cp314-cp314t-win_arm64.whl", hash = "sha256:1f92f53998a17265194018d1cc321b2e96e900ca52d54c7c77837b71b9465181"},
    {file = "numpy-2.4.2-pp311-pypy311_pp73-macosx_10_15_x86_64.whl", hash = "sha256:89f7268c009bc492f506abd6f5265defa7cb3f7487dc21d357c3d290add45082"},
    {file = "numpy-2.4.2-pp311-pypy311_pp73-macosx_11_0_arm64.whl", hash = "sha256:e6dee3bb76aa4009d5a912180bf5b2de012532998d094acee25d9cb8dee3e44a"},
    {file = "numpy-2.4.2-pp311-pypy311_pp73-macosx_14_0_arm64.whl", hash = "sha256:cd2bd2bbed13e213d6b55dc1d035a4f91748a7d3edc9480c13898b0353708920"},
    {file = "numpy-2.4.2-pp311-pypy311_pp73-macosx_14_0_x86_64.whl", hash = "sha256:cf28c0c1d4c4bf00f509fa7eb02c58d7caf221b50b467bcb0d9bbf1584d5c821"},
    {file = "numpy-2.4.2-pp311-pypy311_pp73-manylinux_2_27_aarch64.manylinux_2_28_aarch64.whl", hash = "sha256:e04ae107ac591763a47398bb45b568fc38f02dbc4aa44c063f67a131f99346cb"},
    {file = "numpy-2.4.2-pp311-pypy311_pp73-manylinux_2_27_x86_64.manylinux_2_28_x86_64.whl", hash = "sha256:602f65afdef699cda27ec0b9224ae5dc43e328f4c24c689deaf77133dbee74d0"},
    {file = "numpy-2.4.2-pp311-pypy311_pp73-win_amd64.whl", hash = "sha256:be71bf1edb48ebbbf7f6337b5bfd2f895d1902f6335a5830b20141fc126ffba0"},
    {file = "numpy-2.4.2.tar.gz", hash = "sha256:659a6107e31a83c4e33f763942275fd278b21d095094044eb35569e86a21ddae"},
]

[[package]]
name = "packaging"
version = "26.0"
description = "Core utilities for Python packages"
optional = false
python-versions = ">=3.8"
groups = ["dev"]
files = [
    {file = "packaging-26.0-py3-none-any.whl", hash = "sha256:b36f1fef9334a5588b4166f8bcd26a14e521f2b55e6b9de3aaa80d3ff7a37529"},
    {file = "packaging-26.0.tar.gz", hash = "sha256:00243ae351a257117b6a241061796684b084ed1c516a08c48a3f7e147a9d80b4"},
]

[[package]]
name = "patchelf"
version = "0.17.2.4"
description = "A small utility to modify the dynamic linker and RPATH of ELF executables."
optional = false
python-versions = ">=3.7"
groups = ["dev"]
markers = "sys_platform == \"linux\" and (platform_machine == \"x86_64\" or platform_machine == \"i686\" or platform_machine == \"aarch64\" or platform_machine == \"armv7l\" or platform_machine == \"ppc64le\" or platform_machine == \"s390x\")"
files = [
    {file = "patchelf-0.17.2.4-py3-none-macosx_10_9_universal2.whl", hash = "sha256:343bb1b94e959f9070ca9607453b04390e36bbaa33c88640b989cefad0aa049e"},
    {file = "patchelf-0.17.2.4-py3-none-manylinux1_i686.manylinux_2_5_i686.musllinux_1_1_i686.whl", hash = "sha256:09fd848d625a165fc7b7e07745508c24077129b019c4415a882938781d43adf8"},
    {file = "patchelf-0.17.2.4-py3-none-manylinux1_x86_64.manylinux_2_5_x86_64.musllinux_1_1_x86_64.whl", hash = "sha256:d9b35ebfada70c02679ad036407d9724ffe1255122ba4ac5e4be5868618a5689"},
    {file = "patchelf-0.17.2.4-py3-none-manylinux2014_aarch64.manylinux_2_17_aarch64.musllinux_1_1_aarch64.whl", hash = "sha256:2931a1b5b85f3549661898af7bf746afbda7903c7c9a967cfc998a3563f84fad"},
    {file = "patchelf-0.17.2.4-py3-none-manylinux2014_armv7l.manylinux_2_17_armv7l.musllinux_1_1_armv7l.whl", hash = "sha256:ae44cb3c857d50f54b99e5697aa978726ada33a8a6129d4b8b7ffd28b996652d"},
    {file = "patchelf-0.17.2.4-py3-none-manylinux2014_ppc64le.manylinux_2_17_ppc64le.musllinux_1_1_ppc64le.whl", hash = "sha256:680a266a70f60a7a4f4c448482c5bdba80cc8e6bb155a49dcc24238ba49927b0"},
    {file = "patchelf-0.17.2.4-py3-none-manylinux2014_s390x.manylinux_2_17_s390x.musllinux_1_1_s390x.whl", hash = "sha256:d842b51f0401460f3b1f3a3a67d2c266a8f515a5adfbfa6e7b656cb3ac2ed8bc"},
    {file = "patchelf-0.17.2.4-py3-none-manylinux_2_31_riscv64.musllinux_1_1_riscv64.whl", hash = "sha256:7076d9e127230982e20a81a6e2358d3343004667ba510d9f822d4fdee29b0d71"},
    {file = "patchelf-0.17.2.4.tar.gz", hash = "sha256:970ee5cd8af33e5ea2099510b2f9013fa1b8d5cd763bf3fd3961281c18101a09"},
]

[package.extras]
test = ["importlib_metadata (>=2.0)", "pytest (>=6.0)"]

[[package]]
name = "pyquantsim"
version = "0.1.1"
description = "A simple Qubit and quantum circuit simulator"
optional = false
python-versions = ">=3.14"
groups = ["main"]
files = [
    {file = "pyquantsim-0.1.1-py3-none-any.whl", hash = "sha256:d28aefaabf6e0e0b59c74204d223b3acba3bc8bb2efaf451e7faaa45f7023739"},
    {file = "pyquantsim-0.1.1.tar.gz", hash = "sha256:deb2b7971062a050222bb90c3729f0bb2ce9cb421036ea0627fc8346a72feed6"},
]

[package.dependencies]
numpy = ">=2.4.1,<3.0.0"

[[package]]
name = "pyside6"
version = "6.10.2"
description = "Python bindings for the Qt cross-platform application and UI framework"
optional = false
python-versions = "<3.15,>=3.9"
groups = ["main"]
files = [
    {file = "pyside6-6.10.2-cp39-abi3-macosx_13_0_universal2.whl", hash = "sha256:4b084293caa7845d0064aaf6af258e0f7caae03a14a33537d0a552131afddaf0"},
    {file = "pyside6-6.10.2-cp39-abi3-manylinux_2_34_x86_64.whl", hash = "sha256:1b89ce8558d4b4f35b85bff1db90d680912e4d3ce9e79ff804d6fef1d1a151ef"},
    {file = "pyside6-6.10.2-cp39-abi3-manylinux_2_39_aarch64.whl", hash = "sha256:0439f5e9b10ebe6177981bac9e219096ec970ac6ec215bef055279802ba50601"},
    {file = "pyside6-6.10.2-cp39-abi3-win_amd64.whl", hash = "sha256:032bad6b18a17fcbf4dddd0397f49b07f8aae7f1a45b7e4de7037bf7fd6e0edf"},
    {file = "pyside6-6.10.2-cp39-abi3-win_arm64.whl", hash = "sha256:65a59ad0bc92525639e3268d590948ce07a80ee97b55e7a9200db41d493cac31"},
]

[package.dependencies]
PySide6_Addons = "6.10.2"
PySide6_Essentials = "6.10.2"
shiboken6 = "6.10.2"

[[package]]
name = "pyside6-addons"
version = "6.10.2"
description = "Python bindings for the Qt cross-platform application and UI framework (Addons)"
optional = false
python-versions = "<3.15,>=3.9"
groups = ["main"]
files = [
    {file = "pyside6_addons-6.10.2-cp39-abi3-macosx_13_0_universal2.whl", hash = "sha256:0de7d0c9535e17d5e3b634b61314a1867f3b0f6d35c3d7cdc99efc353192faff"},
    {file = "pyside6_addons-6.10.2-cp39-abi3-manylinux_2_34_x86_64.whl", hash = "sha256:030a851163b51dbf0063be59e9ddb6a9e760bde89a28e461ccc81a224d286eaf"},
    {file = "pyside6_addons-6.10.2-cp39-abi3-manylinux_2_39_aarch64.whl", hash = "sha256:fcee0373e3fd7b98f014094e5e37b4a39e4de7c5a47c13f654a7d557d4a426ad"},
    {file = "pyside6_addons-6.10.2-cp39-abi3-win_amd64.whl", hash = "sha256:c20150068525a17494f3b6576c5d61c417cf9a5870659e29f5ebd83cd20a78ea"},
    {file = "pyside6_addons-6.10.2-cp39-abi3-win_arm64.whl", hash = "sha256:3d18db739b46946ba7b722d8ad4cc2097135033aa6ea57076e64d591e6a345f3"},
]

[package.dependencies]
PySide6_Essentials = "6.10.2"
shiboken6 = "6.10.2"

[[package]]
name = "pyside6-essentials"
version = "6.10.2"
description = "Python bindings for the Qt cross-platform application and UI framework (Essentials)"
optional = false
python-versions = "<3.15,>=3.9"
groups = ["main"]
files = [
    {file = "pyside6_essentials-6.10.2-cp39-abi3-macosx_13_0_universal2.whl", hash = "sha256:1dee2cb9803ff135f881dadeb5c0edcef793d1ec4f8a9140a1348cecb71074e1"},
    {file = "pyside6_essentials-6.10.2-cp39-abi3-manylinux_2_34_x86_64.whl", hash = "sha256:660aea45bfa36f1e06f799b934c2a7df963bd31abc5083e8bb8a5bfaef45686b"},
    {file = "pyside6_essentials-6.10.2-cp39-abi3-manylinux_2_39_aarch64.whl", hash = "sha256:c2b028e4c6f8047a02c31f373408e23b4eedfd405f56c6aba8d0525c29472835"},
    {file = "pyside6_essentials-6.10.2-cp39-abi3-win_amd64.whl", hash = "sha256:0741018c2b6395038cad4c41775cfae3f13a409e87995ac9f7d89e5b1fb6b22a"},
    {file = "pyside6_essentials-6.10.2-cp39-abi3-win_arm64.whl", hash = "sha256:db5f4913648bb6afddb8b347edae151ee2378f12bceb03c8b2515a530a4b38d9"},
]

[package.dependencies]
shiboken6 = "6.10.2"

[[package]]
name = "python-msilib"
version = "0.5.0"
description = "Read and write Microsoft Installer files"
optional = false
python-versions = ">=3.13"
groups = ["dev"]
markers = "sys_platform == \"win32\""
files = [
    {file = "python_msilib-0.5.0-cp313-cp313-win32.whl", hash = "sha256:240c9cebc402361e6fe32fb94020ce5a2674343122cb4dbd036fa59068d153c4"},
    {file = "python_msilib-0.5.0-cp313-cp313-win_amd64.whl", hash = "sha256:cb1db6fa79cfff539a0f313c80f27760b3c452b8fb59878c4b1ce2959711541e"},
    {file = "python_msilib-0.5.0-cp313-cp313-win_arm64.whl", hash = "sha256:3904771a9e31276da9d2de4e431e09b122a354b84b41746c6feaa14b91d2fd0d"},
    {file = "python_msilib-0.5.0-cp313-cp313t-win32.whl", hash = "sha256:67ab7fe107b6dbed42e609d0731ae9863c8aaf58e6015995e42671a9d215fe86"},
    {file = "python_msilib-0.5.0-cp313-cp313t-win_amd64.whl", hash = "sha256:dc3d895c1cb4f695344a7149909d460020d0e6f987d33ab40ea687d65dd1f2ad"},
    {file = "python_msilib-0.5.0-cp313-cp313t-win_arm64.whl", hash = "sha256:cc62a3d0500c1d6d21bea347c55215ae16c81bc749134c47e466f284a46b56fe"},
    {file = "python_msilib-0.5.0-cp314-cp314-win32.whl", hash = "sha256:e5023ab8da04a13769d1054e64415c02c198d442ce0f7cd9637204341d997379"},
    {file = "python_msilib-0.5.0-cp314-cp314-win_amd64.whl", hash = "sha256:24cd942d097bafc97018698e1e66652143529eecaf8b8df55a624d580d81df7c"},
    {file = "python_msilib-0.5.0-cp314-cp314-win_arm64.whl", hash = "sha256:f9da5045835d0de30b1087ff6fd6e0b6d076e248cd26405c0d399d8649ef9684"},
    {file = "python_msilib-0.5.0-cp314-cp314t-win32.whl", hash = "sha256:821a164e72d77786d9e6d7cd28c060e6668665632a29f2c76abac85651f05f11"},
    {file = "python_msilib-0.5.0-cp314-cp314t-win_amd64.whl", hash = "sha256:3fafe94d66f00bd3b26159b7ff43078421738288af5212744a1cb4a1cea52bc8"},
    {file = "python_msilib-0.5.0-cp314-cp314t-win_arm64.whl", hash = "sha256:1c0b7a595dd457f7df5bd102c4c5abe5337ba0362aab2ece31bea29e6e7d9f2d"},
    {file = "python_msilib-0.5.0.tar.gz", hash = "sha256:5d9d0c2af2cafbc50d484cce4cfab1cb8cfd65d705d7111d216bc525a059113b"},
]

[package.extras]
dev = ["bump-my-version (==1.2.4)", "cibuildwheel (==3.3.0)", "pre-commit (==4.5.0)"]
tests = ["coverage (==7.12.0)", "pytest (==9.0.2)"]

[[package]]
name = "setuptools"
version = "82.0.1"
description = "Most extensible Python build backend with support for C/C++ extension modules"
optional = false
python-versions = ">=3.9"
groups = ["dev"]
files = [
    {file = "setuptools-82.0.1-py3-none-any.whl", hash = "sha256:a59e362652f08dcd477c78bb6e7bd9d80a7995bc73ce773050228a348ce2e5bb"},
    {file = "setuptools-82.0.1.tar.gz", hash = "sha256:7d872682c5d01cfde07da7bccc7b65469d3dca203318515ada1de5eda35efbf9"},
]

[package.extras]
check = ["pytest-checkdocs (>=2.4)", "pytest-ruff (>=0.2.1) ; sys_platform != \"cygwin\"", "ruff (>=0.13.0) ; sys_platform != \"cygwin\""]
core = ["importlib_metadata (>=6) ; python_version < \"3.10\"", "jaraco.functools (>=4)", "jaraco.text (>=3.7)", "more_itertools", "more_itertools (>=8.8)", "packaging (>=24.2)", "tomli (>=2.0.1) ; python_version < \"3.11\"", "wheel (>=0.43.0)"]
cover = ["pytest-cov"]
doc = ["furo", "jaraco.packaging (>=9.3)", "jaraco.tidelift (>=1.4)", "pygments-github-lexers (==0.0.5)", "pyproject-hooks (!=1.1)", "rst.linker (>=1.9)", "sphinx (>=3.5)", "sphinx-favicon", "sphinx-inline-tabs", "sphinx-lint", "sphinx-notfound-page (>=1,<2)", "sphinx-reredirects", "sphinxcontrib-towncrier", "towncrier (<24.7)"]
enabler = ["pytest-enabler (>=2.2)"]
test = ["build[virtualenv] (>=1.0.3)", "filelock (>=3.4.0)", "ini2toml[lite] (>=0.14)", "jaraco.develop (>=7.21) ; python_version >= \"3.9\" and sys_platform != \"cygwin\"", "jaraco.envs (>=2.2)", "jaraco.path (>=3.7.2)", "jaraco.test (>=5.5)", "packaging (>=24.2)", "pip (>=19.1)", "pyproject-hooks (!=1.1)", "pytest (>=6,!=8.1.*)", "pytest-home (>=0.5)", "pytest-perf ; sys_platform != \"cygwin\"", "pytest-subprocess", "pytest-timeout", "pytest-xdist (>=3)", "tomli-w (>=1.0.0)", "virtualenv (>=13.0.0)", "wheel (>=0.44.0)"]
type = ["importlib_metadata (>=7.0.2) ; python_version < \"3.10\"", "jaraco.develop (>=7.21) ; sys_platform != \"cygwin\"", "mypy (==1.18.*)", "pytest-mypy"]

[[package]]
name = "shiboken6"
version = "6.10.2"
description = "Python/C++ bindings helper module"
optional = false
python-versions = "<3.15,>=3.9"
groups = ["main"]
files = [
    {file = "shiboken6-6.10.2-cp39-abi3-macosx_13_0_universal2.whl", hash = "sha256:3bd4e94e9a3c8c1fa8362fd752d399ef39265d5264e4e37bae61cdaa2a00c8c7"},
    {file = "shiboken6-6.10.2-cp39-abi3-manylinux_2_34_x86_64.whl", hash = "sha256:ace0790032d9cb0adda644b94ee28d59410180d9773643bb6cf8438c361987ad"},
    {file = "shiboken6-6.10.2-cp39-abi3-manylinux_2_39_aarch64.whl", hash = "sha256:f74d3ed1f92658077d0630c39e694eb043aeb1d830a5d275176c45d07147427f"},
    {file = "shiboken6-6.10.2-cp39-abi3-win_amd64.whl", hash = "sha256:10f3c8c5e1b8bee779346f21c10dbc14cff068f0b0b4e62420c82a6bf36ac2e7"},
    {file = "shiboken6-6.10.2-cp39-abi3-win_arm64.whl", hash = "sha256:20c671645d70835af212ee05df60361d734c5305edb2746e9875c6a31283f963"},
]

[[package]]
name = "striprtf"
version = "0.0.29"
description = "A simple library to convert rtf to text"
optional = false
python-versions = ">=3.8"
groups = ["dev"]
markers = "sys_platform == \"win32\""
files = [
    {file = "striprtf-0.0.29-py3-none-any.whl", hash = "sha256:0fc6a41999d015358d19627776b616424dd501ad698105c81d76734d1e14d91b"},
    {file = "striprtf-0.0.29.tar.gz", hash = "sha256:5a822d075e17417934ed3add6fc79b5fc8fb544fe4370b2f894cdd28f0ddd78e"},
]

[package.extras]
dev = ["build (>=1.0.0)", "pytest (>=7.0.0)"]

[[package]]
name = "typing-extensions"
version = "4.15.0"
description = "Backported and Experimental Type Hints for Python 3.9+"
optional = false
python-versions = ">=3.9"
groups = ["main"]
files = [
    {file = "typing_extensions-4.15.0-py3-none-any.whl", hash = "sha256:f0fa19c6845758ab08074a0cfa8b7aecb71c999ca73d62883bc25cc018c4e548"},
    {file = "typing_extensions-4.15.0.tar.gz", hash = "sha256:0cea48d173cc12fa28ecabc3b837ea3cf6f38c6d1136f85cbaaf598984861466"},
]

[metadata]
lock-version = "2.1"
python-versions = ">=3.14,<3.15"
content-hash = "ce3a72c70565eca61af34b76aef47f0997a8f036b7511dcec209421b0a41da4c"
